Microsoft Visual Studio Solution File, Format Version 12.00
# Visual Studio 15
VisualStudioVersion = 15.0.26730.12
MinimumVisualStudioVersion = 15.0.26124.0
Project("{9A19103F-16F7-4668-BE54-9A1E7A4F7556}") = "ShaderGen", "ShaderGen\ShaderGen.csproj", "{89E900C2-3DCF-434B-B807-AEB9F55BF6F1}"
EndProject
Project("{9A19103F-16F7-4668-BE54-9A1E7A4F7556}") = "ShaderGen.Tests", "ShaderGen.Tests\ShaderGen.Tests.csproj", "{89E28D46-2CD2-4C3D-82DA-738A62F8385B}"
EndProject
Project("{9A19103F-16F7-4668-BE54-9A1E7A4F7556}") = "ShaderGen.App", "ShaderGen.App\ShaderGen.App.csproj", "{C3DC24D3-98F7-4162-9D8D-822383A79668}"
EndProject
Project("{9A19103F-16F7-4668-BE54-9A1E7A4F7556}") = "ShaderGen.Primitives", "ShaderGen.Attributes\ShaderGen.Primitives.csproj", "{2DF9100D-B99D-4E6A-A3B2-3628044D151A}"
EndProject
Project("{2150E333-8FDC-42A3-9474-1A3956D46DE8}") = "AppTest", "AppTest", "{12D59BC2-33E0-460F-A788-6514D8350F81}"
EndProject
Project("{9A19103F-16F7-4668-BE54-9A1E7A4F7556}") = "TargetProject", "AppTest\TargetProject\TargetProject.csproj", "{10F1C4EA-7708-491A-81A4-20B356A4F6DD}"
EndProject
Project("{9A19103F-16F7-4668-BE54-9A1E7A4F7556}") = "ShaderGen.Build", "ShaderGen.Build\ShaderGen.Build.csproj", "{F960509E-C4BF-4518-937E-98B96AF0757F}"
EndProject
Global
	GlobalSection(SolutionConfigurationPlatforms) = preSolution
		Debug|Any CPU = Debug|Any CPU
		Debug|x64 = Debug|x64
		Debug|x86 = Debug|x86
		Release|Any CPU = Release|Any CPU
		Release|x64 = Release|x64
		Release|x86 = Release|x86
	EndGlobalSection
	GlobalSection(ProjectConfigurationPlatforms) = postSolution
		{89E900C2-3DCF-434B-B807-AEB9F55BF6F1}.Debug|Any CPU.ActiveCfg = Debug|Any CPU
		{89E900C2-3DCF-434B-B807-AEB9F55BF6F1}.Debug|Any CPU.Build.0 = Debug|Any CPU
		{89E900C2-3DCF-434B-B807-AEB9F55BF6F1}.Debug|x64.ActiveCfg = Debug|Any CPU
		{89E900C2-3DCF-434B-B807-AEB9F55BF6F1}.Debug|x64.Build.0 = Debug|Any CPU
		{89E900C2-3DCF-434B-B807-AEB9F55BF6F1}.Debug|x86.ActiveCfg = Debug|Any CPU
		{89E900C2-3DCF-434B-B807-AEB9F55BF6F1}.Debug|x86.Build.0 = Debug|Any CPU
		{89E900C2-3DCF-434B-B807-AEB9F55BF6F1}.Release|Any CPU.ActiveCfg = Release|Any CPU
		{89E900C2-3DCF-434B-B807-AEB9F55BF6F1}.Release|Any CPU.Build.0 = Release|Any CPU
		{89E900C2-3DCF-434B-B807-AEB9F55BF6F1}.Release|x64.ActiveCfg = Release|Any CPU
		{89E900C2-3DCF-434B-B807-AEB9F55BF6F1}.Release|x64.Build.0 = Release|Any CPU
		{89E900C2-3DCF-434B-B807-AEB9F55BF6F1}.Release|x86.ActiveCfg = Release|Any CPU
		{89E900C2-3DCF-434B-B807-AEB9F55BF6F1}.Release|x86.Build.0 = Release|Any CPU
		{89E28D46-2CD2-4C3D-82DA-738A62F8385B}.Debug|Any CPU.ActiveCfg = Debug|Any CPU
		{89E28D46-2CD2-4C3D-82DA-738A62F8385B}.Debug|Any CPU.Build.0 = Debug|Any CPU
		{89E28D46-2CD2-4C3D-82DA-738A62F8385B}.Debug|x64.ActiveCfg = Debug|Any CPU
		{89E28D46-2CD2-4C3D-82DA-738A62F8385B}.Debug|x64.Build.0 = Debug|Any CPU
		{89E28D46-2CD2-4C3D-82DA-738A62F8385B}.Debug|x86.ActiveCfg = Debug|Any CPU
		{89E28D46-2CD2-4C3D-82DA-738A62F8385B}.Debug|x86.Build.0 = Debug|Any CPU
		{89E28D46-2CD2-4C3D-82DA-738A62F8385B}.Release|Any CPU.ActiveCfg = Release|Any CPU
		{89E28D46-2CD2-4C3D-82DA-738A62F8385B}.Release|Any CPU.Build.0 = Release|Any CPU
		{89E28D46-2CD2-4C3D-82DA-738A62F8385B}.Release|x64.ActiveCfg = Release|Any CPU
		{89E28D46-2CD2-4C3D-82DA-738A62F8385B}.Release|x64.Build.0 = Release|Any CPU
		{89E28D46-2CD2-4C3D-82DA-738A62F8385B}.Release|x86.ActiveCfg = Release|Any CPU
		{89E28D46-2CD2-4C3D-82DA-738A62F8385B}.Release|x86.Build.0 = Release|Any CPU
		{C3DC24D3-98F7-4162-9D8D-822383A79668}.Debug|Any CPU.ActiveCfg = Debug|Any CPU
		{C3DC24D3-98F7-4162-9D8D-822383A79668}.Debug|Any CPU.Build.0 = Debug|Any CPU
		{C3DC24D3-98F7-4162-9D8D-822383A79668}.Debug|x64.ActiveCfg = Debug|Any CPU
		{C3DC24D3-98F7-4162-9D8D-822383A79668}.Debug|x64.Build.0 = Debug|Any CPU
		{C3DC24D3-98F7-4162-9D8D-822383A79668}.Debug|x86.ActiveCfg = Debug|Any CPU
		{C3DC24D3-98F7-4162-9D8D-822383A79668}.Debug|x86.Build.0 = Debug|Any CPU
		{C3DC24D3-98F7-4162-9D8D-822383A79668}.Release|Any CPU.ActiveCfg = Release|Any CPU
		{C3DC24D3-98F7-4162-9D8D-822383A79668}.Release|Any CPU.Build.0 = Release|Any CPU
		{C3DC24D3-98F7-4162-9D8D-822383A79668}.Release|x64.ActiveCfg = Release|Any CPU
		{C3DC24D3-98F7-4162-9D8D-822383A79668}.Release|x64.Build.0 = Release|Any CPU
		{C3DC24D3-98F7-4162-9D8D-822383A79668}.Release|x86.ActiveCfg = Release|Any CPU
		{C3DC24D3-98F7-4162-9D8D-822383A79668}.Release|x86.Build.0 = Release|Any CPU
		{2DF9100D-B99D-4E6A-A3B2-3628044D151A}.Debug|Any CPU.ActiveCfg = Debug|Any CPU
		{2DF9100D-B99D-4E6A-A3B2-3628044D151A}.Debug|Any CPU.Build.0 = Debug|Any CPU
		{2DF9100D-B99D-4E6A-A3B2-3628044D151A}.Debug|x64.ActiveCfg = Debug|Any CPU
		{2DF9100D-B99D-4E6A-A3B2-3628044D151A}.Debug|x64.Build.0 = Debug|Any CPU
		{2DF9100D-B99D-4E6A-A3B2-3628044D151A}.Debug|x86.ActiveCfg = Debug|Any CPU
		{2DF9100D-B99D-4E6A-A3B2-3628044D151A}.Debug|x86.Build.0 = Debug|Any CPU
		{2DF9100D-B99D-4E6A-A3B2-3628044D151A}.Release|Any CPU.ActiveCfg = Release|Any CPU
		{2DF9100D-B99D-4E6A-A3B2-3628044D151A}.Release|Any CPU.Build.0 = Release|Any CPU
		{2DF9100D-B99D-4E6A-A3B2-3628044D151A}.Release|x64.ActiveCfg = Release|Any CPU
		{2DF9100D-B99D-4E6A-A3B2-3628044D151A}.Release|x64.Build.0 = Release|Any CPU
		{2DF9100D-B99D-4E6A-A3B2-3628044D151A}.Release|x86.ActiveCfg = Release|Any CPU
		{2DF9100D-B99D-4E6A-A3B2-3628044D151A}.Release|x86.Build.0 = Release|Any CPU
		{10F1C4EA-7708-491A-81A4-20B356A4F6DD}.Debug|Any CPU.ActiveCfg = Debug|Any CPU
		{10F1C4EA-7708-491A-81A4-20B356A4F6DD}.Debug|Any CPU.Build.0 = Debug|Any CPU
		{10F1C4EA-7708-491A-81A4-20B356A4F6DD}.Debug|x64.ActiveCfg = Debug|Any CPU
		{10F1C4EA-7708-491A-81A4-20B356A4F6DD}.Debug|x64.Build.0 = Debug|Any CPU
		{10F1C4EA-7708-491A-81A4-20B356A4F6DD}.Debug|x86.ActiveCfg = Debug|Any CPU
		{10F1C4EA-7708-491A-81A4-20B356A4F6DD}.Debug|x86.Build.0 = Debug|Any CPU
		{10F1C4EA-7708-491A-81A4-20B356A4F6DD}.Release|Any CPU.ActiveCfg = Release|Any CPU
		{10F1C4EA-7708-491A-81A4-20B356A4F6DD}.Release|Any CPU.Build.0 = Release|Any CPU
		{10F1C4EA-7708-491A-81A4-20B356A4F6DD}.Release|x64.ActiveCfg = Release|Any CPU
		{10F1C4EA-7708-491A-81A4-20B356A4F6DD}.Release|x64.Build.0 = Release|Any CPU
		{10F1C4EA-7708-491A-81A4-20B356A4F6DD}.Release|x86.ActiveCfg = Release|Any CPU
		{10F1C4EA-7708-491A-81A4-20B356A4F6DD}.Release|x86.Build.0 = Release|Any CPU
		{F960509E-C4BF-4518-937E-98B96AF0757F}.Debug|Any CPU.ActiveCfg = Debug|Any CPU
		{F960509E-C4BF-4518-937E-98B96AF0757F}.Debug|Any CPU.Build.0 = Debug|Any CPU
		{F960509E-C4BF-4518-937E-98B96AF0757F}.Debug|x64.ActiveCfg = Debug|Any CPU
		{F960509E-C4BF-4518-937E-98B96AF0757F}.Debug|x64.Build.0 = Debug|Any CPU
		{F960509E-C4BF-4518-937E-98B96AF0757F}.Debug|x86.ActiveCfg = Debug|Any CPU
		{F960509E-C4BF-4518-937E-98B96AF0757F}.Debug|x86.Build.0 = Debug|Any CPU
		{F960509E-C4BF-4518-937E-98B96AF0757F}.Release|Any CPU.ActiveCfg = Release|Any CPU
		{F960509E-C4BF-4518-937E-98B96AF0757F}.Release|Any CPU.Build.0 = Release|Any CPU
		{F960509E-C4BF-4518-937E-98B96AF0757F}.Release|x64.ActiveCfg = Release|Any CPU
		{F960509E-C4BF-4518-937E-98B96AF0757F}.Release|x64.Build.0 = Release|Any CPU
		{F960509E-C4BF-4518-937E-98B96AF0757F}.Release|x86.ActiveCfg = Release|Any CPU
		{F960509E-C4BF-4518-937E-98B96AF0757F}.Release|x86.Build.0 = Release|Any CPU
	EndGlobalSection
	GlobalSection(SolutionProperties) = preSolution
		HideSolutionNode = FALSE
	EndGlobalSection
	GlobalSection(NestedProjects) = preSolution
		{10F1C4EA-7708-491A-81A4-20B356A4F6DD} = {12D59BC2-33E0-460F-A788-6514D8350F81}
	EndGlobalSection
	GlobalSection(ExtensibilityGlobals) = postSolution
		SolutionGuid = {7FE7E40F-126C-4E7B-9F78-7D144BAAFCBD}
	EndGlobalSection
EndGlobal
